
Microsoft Visual Studio Solution File, Format Version 12.00
# Visual Studio Version 17
VisualStudioVersion = 17.5.2.0
MinimumVisualStudioVersion = 10.0.40219.1
Project("{FAE04EC0-301F-11D3-BF4B-00C04F79EFBC}") = "Pokedex.NET", "Pokedex.NET.csproj", "{87796C17-4AB0-9393-DDC1-9351319CC144}"
EndProject
Project("{FAE04EC0-301F-11D3-BF4B-00C04F79EFBC}") = "Pokedex.NET.Tests", "Pokedex.NET.Tests\Pokedex.NET.Tests.csproj", "{616291AF-0BC1-440A-82FB-3FA8AD7D9177}"
EndProject
Global
	GlobalSection(SolutionConfigurationPlatforms) = preSolution
		Debug|Any CPU = Debug|Any CPU
		Debug|x64 = Debug|x64
		Debug|x86 = Debug|x86
		Release|Any CPU = Release|Any CPU
		Release|x64 = Release|x64
		Release|x86 = Release|x86
	EndGlobalSection
	GlobalSection(ProjectConfigurationPlatforms) = postSolution
		{87796C17-4AB0-9393-DDC1-9351319CC144}.Debug|Any CPU.ActiveCfg = Debug|Any CPU
		{87796C17-4AB0-9393-DDC1-9351319CC144}.Debug|Any CPU.Build.0 = Debug|Any CPU
		{87796C17-4AB0-9393-DDC1-9351319CC144}.Debug|x64.ActiveCfg = Debug|Any CPU
		{87796C17-4AB0-9393-DDC1-9351319CC144}.Debug|x64.Build.0 = Debug|Any CPU
		{87796C17-4AB0-9393-DDC1-9351319CC144}.Debug|x86.ActiveCfg = Debug|Any CPU
		{87796C17-4AB0-9393-DDC1-9351319CC144}.Debug|x86.Build.0 = Debug|Any CPU
		{87796C17-4AB0-9393-DDC1-9351319CC144}.Release|Any CPU.ActiveCfg = Release|Any CPU
		{87796C17-4AB0-9393-DDC1-9351319CC144}.Release|Any CPU.Build.0 = Release|Any CPU
		{87796C17-4AB0-9393-DDC1-9351319CC144}.Release|x64.ActiveCfg = Release|Any CPU
		{87796C17-4AB0-9393-DDC1-9351319CC144}.Release|x64.Build.0 = Release|Any CPU
		{87796C17-4AB0-9393-DDC1-9351319CC144}.Release|x86.ActiveCfg = Release|Any CPU
		{87796C17-4AB0-9393-DDC1-9351319CC144}.Release|x86.Build.0 = Release|Any CPU
		{616291AF-0BC1-440A-82FB-3FA8AD7D9177}.Debug|Any CPU.ActiveCfg = Debug|Any CPU
		{616291AF-0BC1-440A-82FB-3FA8AD7D9177}.Debug|Any CPU.Build.0 = Debug|Any CPU
		{616291AF-0BC1-440A-82FB-3FA8AD7D9177}.Debug|x64.ActiveCfg = Debug|Any CPU
		{616291AF-0BC1-440A-82FB-3FA8AD7D9177}.Debug|x64.Build.0 = Debug|Any CPU
		{616291AF-0BC1-440A-82FB-3FA8AD7D9177}.Debug|x86.ActiveCfg = Debug|Any CPU
		{616291AF-0BC1-440A-82FB-3FA8AD7D9177}.Debug|x86.Build.0 = Debug|Any CPU
		{616291AF-0BC1-440A-82FB-3FA8AD7D9177}.Release|Any CPU.ActiveCfg = Release|Any CPU
		{616291AF-0BC1-440A-82FB-3FA8AD7D9177}.Release|Any CPU.Build.0 = Release|Any CPU
		{616291AF-0BC1-440A-82FB-3FA8AD7D9177}.Release|x64.ActiveCfg = Release|Any CPU
		{616291AF-0BC1-440A-82FB-3FA8AD7D9177}.Release|x64.Build.0 = Release|Any CPU
		{616291AF-0BC1-440A-82FB-3FA8AD7D9177}.Release|x86.ActiveCfg = Release|Any CPU
		{616291AF-0BC1-440A-82FB-3FA8AD7D9177}.Release|x86.Build.0 = Release|Any CPU
	EndGlobalSection
	GlobalSection(SolutionProperties) = preSolution
		HideSolutionNode = FALSE
	EndGlobalSection
	GlobalSection(ExtensibilityGlobals) = postSolution
		SolutionGuid = {3ABB5E38-C610-474F-AE4C-CC8B24B5517D}
	EndGlobalSection
EndGlobal
